// !$*UTF8*$!
{
	archiveVersion = 1;
	classes = {
	};
	objectVersion = 56;
	objects = {

/* Begin PBXBuildFile section */
		1B0E64052A41C9E600379D13 /* iOSUnitTestsApp.swift in Sources */ = {isa = PBXBuildFile; fileRef = 1B0E64042A41C9E600379D13 /* iOSUnitTestsApp.swift */; };
		1B0E64072A41C9E600379D13 /* ContentView.swift in Sources */ = {isa = PBXBuildFile; fileRef = 1B0E64062A41C9E600379D13 /* ContentView.swift */; };
		1B0E64092A41C9E800379D13 /* Assets.xcassets in Resources */ = {isa = PBXBuildFile; fileRef = 1B0E64082A41C9E800379D13 /* Assets.xcassets */; };
		1B0E640C2A41C9E800379D13 /* Preview Assets.xcassets in Resources */ = {isa = PBXBuildFile; fileRef = 1B0E640B2A41C9E800379D13 /* Preview Assets.xcassets */; };
		1B0E64162A41C9E800379D13 /* iOSUnitTestsTests.swift in Sources */ = {isa = PBXBuildFile; fileRef = 1B0E64152A41C9E800379D13 /* iOSUnitTestsTests.swift */; };
		1B0E64202A41C9E800379D13 /* iOSUnitTestsUITests.swift in Sources */ = {isa = PBXBuildFile; fileRef = 1B0E641F2A41C9E800379D13 /* iOSUnitTestsUITests.swift */; };
		1B0E64222A41C9E800379D13 /* iOSUnitTestsUITestsLaunchTests.swift in Sources */ = {isa = PBXBuildFile; fileRef = 1B0E64212A41C9E800379D13 /* iOSUnitTestsUITestsLaunchTests.swift */; };
/* End PBXBuildFile section */

/* Begin PBXContainerItemProxy section */
		1B0E64122A41C9E800379D13 /* PBXContainerItemProxy */ = {
			isa = PBXContainerItemProxy;
			containerPortal = 1B0E63F92A41C9E600379D13 /* Project object */;
			proxyType = 1;
			remoteGlobalIDString = 1B0E64002A41C9E600379D13;
			remoteInfo = iOSUnitTests;
		};
		1B0E641C2A41C9E800379D13 /* PBXContainerItemProxy */ = {
			isa = PBXContainerItemProxy;
			containerPortal = 1B0E63F92A41C9E600379D13 /* Project object */;
			proxyType = 1;
			remoteGlobalIDString = 1B0E64002A41C9E600379D13;
			remoteInfo = iOSUnitTests;
		};
/* End PBXContainerItemProxy section */

/* Begin PBXFileReference section */
		1B0E64012A41C9E600379D13 /* iOSUnitTests.app */ = {isa = PBXFileReference; explicitFileType = wrapper.application; includeInIndex = 0; path = iOSUnitTests.app; sourceTree = BUILT_PRODUCTS_DIR; };
		1B0E64042A41C9E600379D13 /* iOSUnitTestsApp.swift */ = {isa = PBXFileReference; lastKnownFileType = sourcecode.swift; path = iOSUnitTestsApp.swift; sourceTree = "<group>"; };
		1B0E64062A41C9E600379D13 /* ContentView.swift */ = {isa = PBXFileReference; lastKnownFileType = sourcecode.swift; path = ContentView.swift; sourceTree = "<group>"; };
		1B0E64082A41C9E800379D13 /* Assets.xcassets */ = {isa = PBXFileReference; lastKnownFileType = folder.assetcatalog; path = Assets.xcassets; sourceTree = "<group>"; };
		1B0E640B2A41C9E800379D13 /* Preview Assets.xcassets */ = {isa = PBXFileReference; lastKnownFileType = folder.assetcatalog; path = "Preview Assets.xcassets"; sourceTree = "<group>"; };
		1B0E64112A41C9E800379D13 /* iOSUnitTestsTests.xctest */ = {isa = PBXFileReference; explicitFileType = wrapper.cfbundle; includeInIndex = 0; path = iOSUnitTestsTests.xctest; sourceTree = BUILT_PRODUCTS_DIR; };
		1B0E64152A41C9E800379D13 /* iOSUnitTestsTests.swift */ = {isa = PBXFileReference; lastKnownFileType = sourcecode.swift; path = iOSUnitTestsTests.swift; sourceTree = "<group>"; };
		1B0E641B2A41C9E800379D13 /* iOSUnitTestsUITests.xctest */ = {isa = PBXFileReference; explicitFileType = wrapper.cfbundle; includeInIndex = 0; path = iOSUnitTestsUITests.xctest; sourceTree = BUILT_PRODUCTS_DIR; };
		1B0E641F2A41C9E800379D13 /* iOSUnitTestsUITests.swift */ = {isa = PBXFileReference; lastKnownFileType = sourcecode.swift; path = iOSUnitTestsUITests.swift; sourceTree = "<group>"; };
		1B0E64212A41C9E800379D13 /* iOSUnitTestsUITestsLaunchTests.swift */ = {isa = PBXFileReference; lastKnownFileType = sourcecode.swift; path = iOSUnitTestsUITestsLaunchTests.swift; sourceTree = "<group>"; };
/* End PBXFileReference section */

/* Begin PBXFrameworksBuildPhase section */
		1B0E63FE2A41C9E600379D13 /* Frameworks */ = {
			isa = PBXFrameworksBuildPhase;
			buildActionMask = 2147483647;
			files = (
			);
			runOnlyForDeploymentPostprocessing = 0;
		};
		1B0E640E2A41C9E800379D13 /* Frameworks */ = {
			isa = PBXFrameworksBuildPhase;
			buildActionMask = 2147483647;
			files = (
			);
			runOnlyForDeploymentPostprocessing = 0;
		};
		1B0E64182A41C9E800379D13 /* Frameworks */ = {
			isa = PBXFrameworksBuildPhase;
			buildActionMask = 2147483647;
			files = (
			);
			runOnlyForDeploymentPostprocessing = 0;
		};
/* End PBXFrameworksBuildPhase section */

/* Begin PBXGroup section */
		1B0E63F82A41C9E600379D13 = {
			isa = PBXGroup;
			children = (
				1B0E64032A41C9E600379D13 /* iOSUnitTests */,
				1B0E64142A41C9E800379D13 /* iOSUnitTestsTests */,
				1B0E641E2A41C9E800379D13 /* iOSUnitTestsUITests */,
				1B0E64022A41C9E600379D13 /* Products */,
			);
			sourceTree = "<group>";
		};
		1B0E64022A41C9E600379D13 /* Products */ = {
			isa = PBXGroup;
			children = (
				1B0E64012A41C9E600379D13 /* iOSUnitTests.app */,
				1B0E64112A41C9E800379D13 /* iOSUnitTestsTests.xctest */,
				1B0E641B2A41C9E800379D13 /* iOSUnitTestsUITests.xctest */,
			);
			name = Products;
			sourceTree = "<group>";
		};
		1B0E64032A41C9E600379D13 /* iOSUnitTests */ = {
			isa = PBXGroup;
			children = (
				1B0E64042A41C9E600379D13 /* iOSUnitTestsApp.swift */,
				1B0E64062A41C9E600379D13 /* ContentView.swift */,
				1B0E64082A41C9E800379D13 /* Assets.xcassets */,
				1B0E640A2A41C9E800379D13 /* Preview Content */,
			);
			path = iOSUnitTests;
			sourceTree = "<group>";
		};
		1B0E640A2A41C9E800379D13 /* Preview Content */ = {
			isa = PBXGroup;
			children = (
				1B0E640B2A41C9E800379D13 /* Preview Assets.xcassets */,
			);
			path = "Preview Content";
			sourceTree = "<group>";
		};
		1B0E64142A41C9E800379D13 /* iOSUnitTestsTests */ = {
			isa = PBXGroup;
			children = (
				1B0E64152A41C9E800379D13 /* iOSUnitTestsTests.swift */,
			);
			path = iOSUnitTestsTests;
			sourceTree = "<group>";
		};
		1B0E641E2A41C9E800379D13 /* iOSUnitTestsUITests */ = {
			isa = PBXGroup;
			children = (
				1B0E641F2A41C9E800379D13 /* iOSUnitTestsUITests.swift */,
				1B0E64212A41C9E800379D13 /* iOSUnitTestsUITestsLaunchTests.swift */,
			);
			path = iOSUnitTestsUITests;
			sourceTree = "<group>";
		};
/* End PBXGroup section */

/* Begin PBXNativeTarget section */
		1B0E64002A41C9E600379D13 /* iOSUnitTests */ = {
			isa = PBXNativeTarget;
			buildConfigurationList = 1B0E64252A41C9E800379D13 /* Build configuration list for PBXNativeTarget "iOSUnitTests" */;
			buildPhases = (
				1B0E63FD2A41C9E600379D13 /* Sources */,
				1B0E63FE2A41C9E600379D13 /* Frameworks */,
				1B0E63FF2A41C9E600379D13 /* Resources */,
			);
			buildRules = (
			);
			dependencies = (
			);
			name = iOSUnitTests;
			productName = iOSUnitTests;
			productReference = 1B0E64012A41C9E600379D13 /* iOSUnitTests.app */;
			productType = "com.apple.product-type.application";
		};
		1B0E64102A41C9E800379D13 /* iOSUnitTestsTests */ = {
			isa = PBXNativeTarget;
			buildConfigurationList = 1B0E64282A41C9E800379D13 /* Build configuration list for PBXNativeTarget "iOSUnitTestsTests" */;
			buildPhases = (
				1B0E640D2A41C9E800379D13 /* Sources */,
				1B0E640E2A41C9E800379D13 /* Frameworks */,
				1B0E640F2A41C9E800379D13 /* Resources */,
			);
			buildRules = (
			);
			dependencies = (
				1B0E64132A41C9E800379D13 /* PBXTargetDependency */,
			);
			name = iOSUnitTestsTests;
			productName = iOSUnitTestsTests;
			productReference = 1B0E64112A41C9E800379D13 /* iOSUnitTestsTests.xctest */;
			productType = "com.apple.product-type.bundle.unit-test";
		};
		1B0E641A2A41C9E800379D13 /* iOSUnitTestsUITests */ = {
			isa = PBXNativeTarget;
			buildConfigurationList = 1B0E642B2A41C9E800379D13 /* Build configuration list for PBXNativeTarget "iOSUnitTestsUITests" */;
			buildPhases = (
				1B0E64172A41C9E800379D13 /* Sources */,
				1B0E64182A41C9E800379D13 /* Frameworks */,
				1B0E64192A41C9E800379D13 /* Resources */,
			);
			buildRules = (
			);
			dependencies = (
				1B0E641D2A41C9E800379D13 /* PBXTargetDependency */,
			);
			name = iOSUnitTestsUITests;
			productName = iOSUnitTestsUITests;
			productReference = 1B0E641B2A41C9E800379D13 /* iOSUnitTestsUITests.xctest */;
			productType = "com.apple.product-type.bundle.ui-testing";
		};
/* End PBXNativeTarget section */

/* Begin PBXProject section */
		1B0E63F92A41C9E600379D13 /* Project object */ = {
			isa = PBXProject;
			attributes = {
				BuildIndependentTargetsInParallel = 1;
				LastSwiftUpdateCheck = 1430;
				LastUpgradeCheck = 1430;
				TargetAttributes = {
					1B0E64002A41C9E600379D13 = {
						CreatedOnToolsVersion = 14.3.1;
					};
					1B0E64102A41C9E800379D13 = {
						CreatedOnToolsVersion = 14.3.1;
						TestTargetID = 1B0E64002A41C9E600379D13;
					};
					1B0E641A2A41C9E800379D13 = {
						CreatedOnToolsVersion = 14.3.1;
						TestTargetID = 1B0E64002A41C9E600379D13;
					};
				};
			};
			buildConfigurationList = 1B0E63FC2A41C9E600379D13 /* Build configuration list for PBXProject "iOSUnitTests" */;
			compatibilityVersion = "Xcode 14.0";
			developmentRegion = en;
			hasScannedForEncodings = 0;
			knownRegions = (
				en,
				Base,
			);
			mainGroup = 1B0E63F82A41C9E600379D13;
			productRefGroup = 1B0E64022A41C9E600379D13 /* Products */;
			projectDirPath = "";
			projectRoot = "";
			targets = (
				1B0E64002A41C9E600379D13 /* iOSUnitTests */,
				1B0E64102A41C9E800379D13 /* iOSUnitTestsTests */,
				1B0E641A2A41C9E800379D13 /* iOSUnitTestsUITests */,
			);
		};
/* End PBXProject section */

/* Begin PBXResourcesBuildPhase section */
		1B0E63FF2A41C9E600379D13 /* Resources */ = {
			isa = PBXResourcesBuildPhase;
			buildActionMask = 2147483647;
			files = (
				1B0E640C2A41C9E800379D13 /* Preview Assets.xcassets in Resources */,
				1B0E64092A41C9E800379D13 /* Assets.xcassets in Resources */,
			);
			runOnlyForDeploymentPostprocessing = 0;
		};
		1B0E640F2A41C9E800379D13 /* Resources */ = {
			isa = PBXResourcesBuildPhase;
			buildActionMask = 2147483647;
			files = (
			);
			runOnlyForDeploymentPostprocessing = 0;
		};
		1B0E64192A41C9E800379D13 /* Resources */ = {
			isa = PBXResourcesBuildPhase;
			buildActionMask = 2147483647;
			files = (
			);
			runOnlyForDeploymentPostprocessing = 0;
		};
/* End PBXResourcesBuildPhase section */

/* Begin PBXSourcesBuildPhase section */
		1B0E63FD2A41C9E600379D13 /* Sources */ = {
			isa = PBXSourcesBuildPhase;
			buildActionMask = 2147483647;
			files = (
				1B0E64072A41C9E600379D13 /* ContentView.swift in Sources */,
				1B0E64052A41C9E600379D13 /* iOSUnitTestsApp.swift in Sources */,
			);
			runOnlyForDeploymentPostprocessing = 0;
		};
		1B0E640D2A41C9E800379D13 /* Sources */ = {
			isa = PBXSourcesBuildPhase;
			buildActionMask = 2147483647;
			files = (
				1B0E64162A41C9E800379D13 /* iOSUnitTestsTests.swift in Sources */,
			);
			runOnlyForDeploymentPostprocessing = 0;
		};
		1B0E64172A41C9E800379D13 /* Sources */ = {
			isa = PBXSourcesBuildPhase;
			buildActionMask = 2147483647;
			files = (
				1B0E64222A41C9E800379D13 /* iOSUnitTestsUITestsLaunchTests.swift in Sources */,
				1B0E64202A41C9E800379D13 /* iOSUnitTestsUITests.swift in Sources */,
			);
			runOnlyForDeploymentPostprocessing = 0;
		};
/* End PBXSourcesBuildPhase section */

/* Begin PBXTargetDependency section */
		1B0E64132A41C9E800379D13 /* PBXTargetDependency */ = {
			isa = PBXTargetDependency;
			target = 1B0E64002A41C9E600379D13 /* iOSUnitTests */;
			targetProxy = 1B0E64122A41C9E800379D13 /* PBXContainerItemProxy */;
		};
		1B0E641D2A41C9E800379D13 /* PBXTargetDependency */ = {
			isa = PBXTargetDependency;
			target = 1B0E64002A41C9E600379D13 /* iOSUnitTests */;
			targetProxy = 1B0E641C2A41C9E800379D13 /* PBXContainerItemProxy */;
		};
/* End PBXTargetDependency section */

/* Begin XCBuildConfiguration section */
		1B0E64232A41C9E800379D13 /* Debug */ = {
			isa = XCBuildConfiguration;
			buildSettings = {
				ALWAYS_SEARCH_USER_PATHS = NO;
				CLANG_ANALYZER_NONNULL = YES;
				CLANG_ANALYZER_NUMBER_OBJECT_CONVERSION = YES_AGGRESSIVE;
				CLANG_CXX_LANGUAGE_STANDARD = "gnu++20";
				CLANG_ENABLE_MODULES = YES;
				CLANG_ENABLE_OBJC_ARC = YES;
				CLANG_ENABLE_OBJC_WEAK = YES;
				CLANG_WARN_BLOCK_CAPTURE_AUTORELEASING = YES;
				CLANG_WARN_BOOL_CONVERSION = YES;
				CLANG_WARN_COMMA = YES;
				CLANG_WARN_CONSTANT_CONVERSION = YES;
				CLANG_WARN_DEPRECATED_OBJC_IMPLEMENTATIONS = YES;
				CLANG_WARN_DIRECT_OBJC_ISA_USAGE = YES_ERROR;
				CLANG_WARN_DOCUMENTATION_COMMENTS = YES;
				CLANG_WARN_EMPTY_BODY = YES;
				CLANG_WARN_ENUM_CONVERSION = YES;
				CLANG_WARN_INFINITE_RECURSION = YES;
				CLANG_WARN_INT_CONVERSION = YES;
				CLANG_WARN_NON_LITERAL_NULL_CONVERSION = YES;
				CLANG_WARN_OBJC_IMPLICIT_RETAIN_SELF = YES;
				CLANG_WARN_OBJC_LITERAL_CONVERSION = YES;
				CLANG_WARN_OBJC_ROOT_CLASS = YES_ERROR;
				CLANG_WARN_QUOTED_INCLUDE_IN_FRAMEWORK_HEADER = YES;
				CLANG_WARN_RANGE_LOOP_ANALYSIS = YES;
				CLANG_WARN_STRICT_PROTOTYPES = YES;
				CLANG_WARN_SUSPICIOUS_MOVE = YES;
				CLANG_WARN_UNGUARDED_AVAILABILITY = YES_AGGRESSIVE;
				CLANG_WARN_UNREACHABLE_CODE = YES;
				CLANG_WARN__DUPLICATE_METHOD_MATCH = YES;
				COPY_PHASE_STRIP = NO;
				DEBUG_INFORMATION_FORMAT = dwarf;
				ENABLE_STRICT_OBJC_MSGSEND = YES;
				ENABLE_TESTABILITY = YES;
				GCC_C_LANGUAGE_STANDARD = gnu11;
				GCC_DYNAMIC_NO_PIC = NO;
				GCC_NO_COMMON_BLOCKS = YES;
				GCC_OPTIMIZATION_LEVEL = 0;
				GCC_PREPROCESSOR_DEFINITIONS = (
					"DEBUG=1",
					"$(inherited)",
				);
				GCC_WARN_64_TO_32_BIT_CONVERSION = YES;
				GCC_WARN_ABOUT_RETURN_TYPE = YES_ERROR;
				GCC_WARN_UNDECLARED_SELECTOR = YES;
				GCC_WARN_UNINITIALIZED_AUTOS = YES_AGGRESSIVE;
				GCC_WARN_UNUSED_FUNCTION = YES;
				GCC_WARN_UNUSED_VARIABLE = YES;
				IPHONEOS_DEPLOYMENT_TARGET = 16.4;
				MTL_ENABLE_DEBUG_INFO = INCLUDE_SOURCE;
				MTL_FAST_MATH = YES;
				ONLY_ACTIVE_ARCH = YES;
				SDKROOT = iphoneos;
				SWIFT_ACTIVE_COMPILATION_CONDITIONS = DEBUG;
				SWIFT_OPTIMIZATION_LEVEL = "-Onone";
			};
			name = Debug;
		};
		1B0E64242A41C9E800379D13 /* Release */ = {
			isa = XCBuildConfiguration;
			buildSettings = {
				ALWAYS_SEARCH_USER_PATHS = NO;
				CLANG_ANALYZER_NONNULL = YES;
				CLANG_ANALYZER_NUMBER_OBJECT_CONVERSION = YES_AGGRESSIVE;
				CLANG_CXX_LANGUAGE_STANDARD = "gnu++20";
				CLANG_ENABLE_MODULES = YES;
				CLANG_ENABLE_OBJC_ARC = YES;
				CLANG_ENABLE_OBJC_WEAK = YES;
				CLANG_WARN_BLOCK_CAPTURE_AUTORELEASING = YES;
				CLANG_WARN_BOOL_CONVERSION = YES;
				CLANG_WARN_COMMA = YES;
				CLANG_WARN_CONSTANT_CONVERSION = YES;
				CLANG_WARN_DEPRECATED_OBJC_IMPLEMENTATIONS = YES;
				CLANG_WARN_DIRECT_OBJC_ISA_USAGE = YES_ERROR;
				CLANG_WARN_DOCUMENTATION_COMMENTS = YES;
				CLANG_WARN_EMPTY_BODY = YES;
				CLANG_WARN_ENUM_CONVERSION = YES;
				CLANG_WARN_INFINITE_RECURSION = YES;
				CLANG_WARN_INT_CONVERSION = YES;
				CLANG_WARN_NON_LITERAL_NULL_CONVERSION = YES;
				CLANG_WARN_OBJC_IMPLICIT_RETAIN_SELF = YES;
				CLANG_WARN_OBJC_LITERAL_CONVERSION = YES;
				CLANG_WARN_OBJC_ROOT_CLASS = YES_ERROR;
				CLANG_WARN_QUOTED_INCLUDE_IN_FRAMEWORK_HEADER = YES;
				CLANG_WARN_RANGE_LOOP_ANALYSIS = YES;
				CLANG_WARN_STRICT_PROTOTYPES = YES;
				CLANG_WARN_SUSPICIOUS_MOVE = YES;
				CLANG_WARN_UNGUARDED_AVAILABILITY = YES_AGGRESSIVE;
				CLANG_WARN_UNREACHABLE_CODE = YES;
				CLANG_WARN__DUPLICATE_METHOD_MATCH = YES;
				COPY_PHASE_STRIP = NO;
				DEBUG_INFORMATION_FORMAT = "dwarf-with-dsym";
				ENABLE_NS_ASSERTIONS = NO;
				ENABLE_STRICT_OBJC_MSGSEND = YES;
				GCC_C_LANGUAGE_STANDARD = gnu11;
				GCC_NO_COMMON_BLOCKS = YES;
				GCC_WARN_64_TO_32_BIT_CONVERSION = YES;
				GCC_WARN_ABOUT_RETURN_TYPE = YES_ERROR;
				GCC_WARN_UNDECLARED_SELECTOR = YES;
				GCC_WARN_UNINITIALIZED_AUTOS = YES_AGGRESSIVE;
				GCC_WARN_UNUSED_FUNCTION = YES;
				GCC_WARN_UNUSED_VARIABLE = YES;
				IPHONEOS_DEPLOYMENT_TARGET = 16.4;
				MTL_ENABLE_DEBUG_INFO = NO;
				MTL_FAST_MATH = YES;
				SDKROOT = iphoneos;
				SWIFT_COMPILATION_MODE = wholemodule;
				SWIFT_OPTIMIZATION_LEVEL = "-O";
				VALIDATE_PRODUCT = YES;
			};
			name = Release;
		};
		1B0E64262A41C9E800379D13 /* Debug */ = {
			isa = XCBuildConfiguration;
			buildSettings = {
				ASSETCATALOG_COMPILER_APPICON_NAME = AppIcon;
				ASSETCATALOG_COMPILER_GLOBAL_ACCENT_COLOR_NAME = AccentColor;
				CODE_SIGN_STYLE = Automatic;
				CURRENT_PROJECT_VERSION = 1;
				DEVELOPMENT_ASSET_PATHS = "\"iOSUnitTests/Preview Content\"";
				ENABLE_PREVIEWS = YES;
				GENERATE_INFOPLIST_FILE = YES;
				INFOPLIST_KEY_UIApplicationSceneManifest_Generation = YES;
				INFOPLIST_KEY_UIApplicationSupportsIndirectInputEvents = YES;
				INFOPLIST_KEY_UILaunchScreen_Generation = YES;
				INFOPLIST_KEY_UISupportedInterfaceOrientations_iPad = "UIInterfaceOrientationPortrait UIInterfaceOrientationPortraitUpsideDown UIInterfaceOrientationLandscapeLeft UIInterfaceOrientationLandscapeRight";
				INFOPLIST_KEY_UISupportedInterfaceOrientations_iPhone = "UIInterfaceOrientationPortrait UIInterfaceOrientationLandscapeLeft UIInterfaceOrientationLandscapeRight";
				LD_RUNPATH_SEARCH_PATHS = (
					"$(inherited)",
					"@executable_path/Frameworks",
				);
				MARKETING_VERSION = 1.0;
				PRODUCT_BUNDLE_IDENTIFIER = ioshimeshunittests.nevercode.io.iOSUnitTests;
				PRODUCT_NAME = "$(TARGET_NAME)";
				SWIFT_EMIT_LOC_STRINGS = YES;
				SWIFT_VERSION = 5.0;
				TARGETED_DEVICE_FAMILY = "1,2";
			};
			name = Debug;
		};
		1B0E64272A41C9E800379D13 /* Release */ = {
			isa = XCBuildConfiguration;
			buildSettings = {
				ASSETCATALOG_COMPILER_APPICON_NAME = AppIcon;
				ASSETCATALOG_COMPILER_GLOBAL_ACCENT_COLOR_NAME = AccentColor;
				CODE_SIGN_STYLE = Automatic;
				CURRENT_PROJECT_VERSION = 1;
				DEVELOPMENT_ASSET_PATHS = "\"iOSUnitTests/Preview Content\"";
				ENABLE_PREVIEWS = YES;
				GENERATE_INFOPLIST_FILE = YES;
				INFOPLIST_KEY_UIApplicationSceneManifest_Generation = YES;
				INFOPLIST_KEY_UIApplicationSupportsIndirectInputEvents = YES;
				INFOPLIST_KEY_UILaunchScreen_Generation = YES;
				INFOPLIST_KEY_UISupportedInterfaceOrientations_iPad = "UIInterfaceOrientationPortrait UIInterfaceOrientationPortraitUpsideDown UIInterfaceOrientationLandscapeLeft UIInterfaceOrientationLandscapeRight";
				INFOPLIST_KEY_UISupportedInterfaceOrientations_iPhone = "UIInterfaceOrientationPortrait UIInterfaceOrientationLandscapeLeft UIInterfaceOrientationLandscapeRight";
				LD_RUNPATH_SEARCH_PATHS = (
					"$(inherited)",
					"@executable_path/Frameworks",
				);
				MARKETING_VERSION = 1.0;
				PRODUCT_BUNDLE_IDENTIFIER = ioshimeshunittests.nevercode.io.iOSUnitTests;
				PRODUCT_NAME = "$(TARGET_NAME)";
				SWIFT_EMIT_LOC_STRINGS = YES;
				SWIFT_VERSION = 5.0;
				TARGETED_DEVICE_FAMILY = "1,2";
			};
			name = Release;
		};
		1B0E64292A41C9E800379D13 /* Debug */ = {
			isa = XCBuildConfiguration;
			buildSettings = {
				ALWAYS_EMBED_SWIFT_STANDARD_LIBRARIES = YES;
				BUNDLE_LOADER = "$(TEST_HOST)";
				CODE_SIGN_STYLE = Automatic;
				CURRENT_PROJECT_VERSION = 1;
				GENERATE_INFOPLIST_FILE = YES;
				IPHONEOS_DEPLOYMENT_TARGET = 16.4;
				MARKETING_VERSION = 1.0;
				PRODUCT_BUNDLE_IDENTIFIER = ioshimeshunittests.nevercode.io.iOSUnitTestsTests;
				PRODUCT_NAME = "$(TARGET_NAME)";
				SWIFT_EMIT_LOC_STRINGS = NO;
				SWIFT_VERSION = 5.0;
				TARGETED_DEVICE_FAMILY = "1,2";
				TEST_HOST = "$(BUILT_PRODUCTS_DIR)/iOSUnitTests.app/$(BUNDLE_EXECUTABLE_FOLDER_PATH)/iOSUnitTests";
			};
			name = Debug;
		};
		1B0E642A2A41C9E800379D13 /* Release */ = {
			isa = XCBuildConfiguration;
			buildSettings = {
				ALWAYS_EMBED_SWIFT_STANDARD_LIBRARIES = YES;
				BUNDLE_LOADER = "$(TEST_HOST)";
				CODE_SIGN_STYLE = Automatic;
				CURRENT_PROJECT_VERSION = 1;
				GENERATE_INFOPLIST_FILE = YES;
				IPHONEOS_DEPLOYMENT_TARGET = 16.4;
				MARKETING_VERSION = 1.0;
				PRODUCT_BUNDLE_IDENTIFIER = ioshimeshunittests.nevercode.io.iOSUnitTestsTests;
				PRODUCT_NAME = "$(TARGET_NAME)";
				SWIFT_EMIT_LOC_STRINGS = NO;
				SWIFT_VERSION = 5.0;
				TARGETED_DEVICE_FAMILY = "1,2";
				TEST_HOST = "$(BUILT_PRODUCTS_DIR)/iOSUnitTests.app/$(BUNDLE_EXECUTABLE_FOLDER_PATH)/iOSUnitTests";
			};
			name = Release;
		};
		1B0E642C2A41C9E800379D13 /* Debug */ = {
			isa = XCBuildConfiguration;
			buildSettings = {
				ALWAYS_EMBED_SWIFT_STANDARD_LIBRARIES = YES;
				CODE_SIGN_STYLE = Automatic;
				CURRENT_PROJECT_VERSION = 1;
				GENERATE_INFOPLIST_FILE = YES;
				MARKETING_VERSION = 1.0;
				PRODUCT_BUNDLE_IDENTIFIER = ioshimeshunittests.nevercode.io.iOSUnitTestsUITests;
				PRODUCT_NAME = "$(TARGET_NAME)";
				SWIFT_EMIT_LOC_STRINGS = NO;
				SWIFT_VERSION = 5.0;
				TARGETED_DEVICE_FAMILY = "1,2";
				TEST_TARGET_NAME = iOSUnitTests;
			};
			name = Debug;
		};
		1B0E642D2A41C9E800379D13 /* Release */ = {
			isa = XCBuildConfiguration;
			buildSettings = {
				ALWAYS_EMBED_SWIFT_STANDARD_LIBRARIES = YES;
				CODE_SIGN_STYLE = Automatic;
				CURRENT_PROJECT_VERSION = 1;
				GENERATE_INFOPLIST_FILE = YES;
				MARKETING_VERSION = 1.0;
				PRODUCT_BUNDLE_IDENTIFIER = ioshimeshunittests.nevercode.io.iOSUnitTestsUITests;
				PRODUCT_NAME = "$(TARGET_NAME)";
				SWIFT_EMIT_LOC_STRINGS = NO;
				SWIFT_VERSION = 5.0;
				TARGETED_DEVICE_FAMILY = "1,2";
				TEST_TARGET_NAME = iOSUnitTests;
			};
			name = Release;
		};
/* End XCBuildConfiguration section */

/* Begin XCConfigurationList section */
		1B0E63FC2A41C9E600379D13 /* Build configuration list for PBXProject "iOSUnitTests" */ = {
			isa = XCConfigurationList;
			buildConfigurations = (
				1B0E64232A41C9E800379D13 /* Debug */,
				1B0E64242A41C9E800379D13 /* Release */,
			);
			defaultConfigurationIsVisible = 0;
			defaultConfigurationName = Release;
		};
		1B0E64252A41C9E800379D13 /* Build configuration list for PBXNativeTarget "iOSUnitTests" */ = {
			isa = XCConfigurationList;
			buildConfigurations = (
				1B0E64262A41C9E800379D13 /* Debug */,
				1B0E64272A41C9E800379D13 /* Release */,
			);
			defaultConfigurationIsVisible = 0;
			defaultConfigurationName = Release;
		};
		1B0E64282A41C9E800379D13 /* Build configuration list for PBXNativeTarget "iOSUnitTestsTests" */ = {
			isa = XCConfigurationList;
			buildConfigurations = (
				1B0E64292A41C9E800379D13 /* Debug */,
				1B0E642A2A41C9E800379D13 /* Release */,
			);
			defaultConfigurationIsVisible = 0;
			defaultConfigurationName = Release;
		};
		1B0E642B2A41C9E800379D13 /* Build configuration list for PBXNativeTarget "iOSUnitTestsUITests" */ = {
			isa = XCConfigurationList;
			buildConfigurations = (
				1B0E642C2A41C9E800379D13 /* Debug */,
				1B0E642D2A41C9E800379D13 /* Release */,
			);
			defaultConfigurationIsVisible = 0;
			defaultConfigurationName = Release;
		};
/* End XCConfigurationList section */
	};
	rootObject = 1B0E63F92A41C9E600379D13 /* Project object */;
}
